
Microsoft Visual Studio Solution File, Format Version 12.00
# Visual Studio 2013
VisualStudioVersion = 12.0.21005.1
MinimumVisualStudioVersion = 10.0.40219.1
Project("{FAE04EC0-301F-11D3-BF4B-00C04F79EFBC}") = "BookRent", "BookRent\BookRent.csproj", "{A8B28F27-C3A5-4209-B9C5-21237EEE04A5}"
EndProject
Project("{2150E333-8FDC-42A3-9474-1A3956D46DE8}") = "Lib", "Lib", "{A5F1B1ED-ECD5-42BA-B3D2-995605DB9707}"
	ProjectSection(SolutionItems) = preProject
		Lib\DevExpress.Mvvm.v14.1.dll = Lib\DevExpress.Mvvm.v14.1.dll
		Lib\DevExpress.Xpf.Core.v14.1.dll = Lib\DevExpress.Xpf.Core.v14.1.dll
		Lib\DevExpress.Xpf.Grid.v14.1.Core.dll = Lib\DevExpress.Xpf.Grid.v14.1.Core.dll
		Lib\DevExpress.Xpf.Grid.v14.1.dll = Lib\DevExpress.Xpf.Grid.v14.1.dll
		Lib\System.Data.SQLite.dll = Lib\System.Data.SQLite.dll
	EndProjectSection
EndProject
Project("{2150E333-8FDC-42A3-9474-1A3956D46DE8}") = "Solution Items", "Solution Items", "{0AC5565B-A882-45B9-9D59-C7ABD820ABC9}"
	ProjectSection(SolutionItems) = preProject
		.gitignore = .gitignore
		.tfignore = .tfignore
		README.md = README.md
	EndProjectSection
EndProject
Global
	GlobalSection(SolutionConfigurationPlatforms) = preSolution
		Debug|Any CPU = Debug|Any CPU
		Release|Any CPU = Release|Any CPU
	EndGlobalSection
	GlobalSection(ProjectConfigurationPlatforms) = postSolution
		{A8B28F27-C3A5-4209-B9C5-21237EEE04A5}.Debug|Any CPU.ActiveCfg = Debug|Any CPU
		{A8B28F27-C3A5-4209-B9C5-21237EEE04A5}.Debug|Any CPU.Build.0 = Debug|Any CPU
		{A8B28F27-C3A5-4209-B9C5-21237EEE04A5}.Release|Any CPU.ActiveCfg = Release|Any CPU
		{A8B28F27-C3A5-4209-B9C5-21237EEE04A5}.Release|Any CPU.Build.0 = Release|Any CPU
	EndGlobalSection
	GlobalSection(SolutionProperties) = preSolution
		HideSolutionNode = FALSE
	EndGlobalSection
EndGlobal
